// !$*UTF8*$!
{
	archiveVersion = 1;
	classes = {
	};
	objectVersion = 45;
	objects = {

/* Begin PBXBuildFile section */
		16090FEE1265EDA300487973 /* SVWDropImageView.m in Sources */ = {isa = PBXBuildFile; fileRef = 16090FED1265EDA300487973 /* SVWDropImageView.m */; };
		1611DF4314D2F02E00E4FD00 /* game.icns in Resources */ = {isa = PBXBuildFile; fileRef = 1611DF4214D2F02E00E4FD00 /* game.icns */; };
		1626D4E114A9E82100A07013 /* WrapperDesc.plist in Resources */ = {isa = PBXBuildFile; fileRef = 1626D4E014A9E82100A07013 /* WrapperDesc.plist */; };
		1626D4E314A9EB0500A07013 /* Sparkle.framework in Frameworks */ = {isa = PBXBuildFile; fileRef = 1626D4E214A9EB0500A07013 /* Sparkle.framework */; };
		1626D4E514A9EB4400A07013 /* Sparkle.framework in CopyFiles */ = {isa = PBXBuildFile; fileRef = 1626D4E214A9EB0500A07013 /* Sparkle.framework */; };
		1626D4E714A9EC8600A07013 /* SVW_dsa_pub.pem in Resources */ = {isa = PBXBuildFile; fileRef = 1626D4E614A9EC8600A07013 /* SVW_dsa_pub.pem */; };
		1626D4EA14AA179400A07013 /* SVWWrapperUpdater.m in Sources */ = {isa = PBXBuildFile; fileRef = 1626D4E914AA179400A07013 /* SVWWrapperUpdater.m */; };
		1626D4F814AA24C200A07013 /* ioapi.c in Sources */ = {isa = PBXBuildFile; fileRef = 1626D4F014AA24C200A07013 /* ioapi.c */; };
		1626D4F914AA24C200A07013 /* mztools.c in Sources */ = {isa = PBXBuildFile; fileRef = 1626D4F214AA24C200A07013 /* mztools.c */; };
		1626D4FA14AA24C200A07013 /* unzip.c in Sources */ = {isa = PBXBuildFile; fileRef = 1626D4F414AA24C200A07013 /* unzip.c */; };
		1626D4FB14AA24C200A07013 /* zip.c in Sources */ = {isa = PBXBuildFile; fileRef = 1626D4F614AA24C200A07013 /* zip.c */; };
		1626D4FD14AA277D00A07013 /* libz.dylib in Frameworks */ = {isa = PBXBuildFile; fileRef = 1626D4FC14AA277D00A07013 /* libz.dylib */; };
		1626D50014AA285A00A07013 /* ZipFile.m in Sources */ = {isa = PBXBuildFile; fileRef = 1626D4FF14AA285A00A07013 /* ZipFile.m */; };
		1626D50314AA337F00A07013 /* CocoaCryptoHashing.m in Sources */ = {isa = PBXBuildFile; fileRef = 1626D50214AA337F00A07013 /* CocoaCryptoHashing.m */; };
		16864B4E126531EE00132103 /* scummvm.icns in Resources */ = {isa = PBXBuildFile; fileRef = 16864B4D126531EE00132103 /* scummvm.icns */; };
		16864B5E1265369500132103 /* AppController.m in Sources */ = {isa = PBXBuildFile; fileRef = 16864B5D1265369500132103 /* AppController.m */; };
		168AEEF81266276100BC3F18 /* Credits.rtf in Resources */ = {isa = PBXBuildFile; fileRef = 168AEEF61266276100BC3F18 /* Credits.rtf */; };
		16914A7614F9D2120039C6B3 /* residual.icns in Resources */ = {isa = PBXBuildFile; fileRef = 16914A7514F9D2120039C6B3 /* residual.icns */; };
		16ACB65914D0C22A00B2A5DB /* WrapperInfo.plist in Resources */ = {isa = PBXBuildFile; fileRef = 16ACB65814D0C22A00B2A5DB /* WrapperInfo.plist */; };
		16ACB65B14D0CD6A00B2A5DB /* WrapperData.zip in Resources */ = {isa = PBXBuildFile; fileRef = 16ACB65A14D0CD6A00B2A5DB /* WrapperData.zip */; };
		16BDBC4314D2A10700193F7C /* Cocoa.framework in Frameworks */ = {isa = PBXBuildFile; fileRef = 16BDBC4214D2A10700193F7C /* Cocoa.framework */; };
		16BDBC4914D2A10700193F7C /* InfoPlist.strings in Resources */ = {isa = PBXBuildFile; fileRef = 16BDBC4714D2A10700193F7C /* InfoPlist.strings */; };
		16BDBC4B14D2A10700193F7C /* main.m in Sources */ = {isa = PBXBuildFile; fileRef = 16BDBC4A14D2A10700193F7C /* main.m */; };
		16BDBC4F14D2A10700193F7C /* Credits.rtf in Resources */ = {isa = PBXBuildFile; fileRef = 16BDBC4D14D2A10700193F7C /* Credits.rtf */; };
		16BDBC5214D2A10700193F7C /* SVWAppDelegate.m in Sources */ = {isa = PBXBuildFile; fileRef = 16BDBC5114D2A10700193F7C /* SVWAppDelegate.m */; };
		16BDBC5514D2A10800193F7C /* MainMenu.xib in Resources */ = {isa = PBXBuildFile; fileRef = 16BDBC5314D2A10800193F7C /* MainMenu.xib */; };
		16F7D19F12B122B3002AD0C7 /* SVWSettings.m in Sources */ = {isa = PBXBuildFile; fileRef = 16F7D19E12B122B3002AD0C7 /* SVWSettings.m */; };
		1DDD58160DA1D0A300B32029 /* MainMenu.xib in Resources */ = {isa = PBXBuildFile; fileRef = 1DDD58140DA1D0A300B32029 /* MainMenu.xib */; };
		256AC3DA0F4B6AC300CF3369 /* ScummVMwrapperConfigAppDelegate.m in Sources */ = {isa = PBXBuildFile; fileRef = 256AC3D90F4B6AC300CF3369 /* ScummVMwrapperConfigAppDelegate.m */; };
		8D11072B0486CEB800E47090 /* InfoPlist.strings in Resources */ = {isa = PBXBuildFile; fileRef = 089C165CFE840E0CC02AAC07 /* InfoPlist.strings */; };
		8D11072D0486CEB800E47090 /* main.m in Sources */ = {isa = PBXBuildFile; fileRef = 29B97316FDCFA39411CA2CEA /* main.m */; settings = {ATTRIBUTES = (); }; };
		8D11072F0486CEB800E47090 /* Cocoa.framework in Frameworks */ = {isa = PBXBuildFile; fileRef = 1058C7A1FEA54F0111CA2CBB /* Cocoa.framework */; };
/* End PBXBuildFile section */

/* Begin PBXContainerItemProxy section */
		16B7705314D2C8AA00598DF3 /* PBXContainerItemProxy */ = {
			isa = PBXContainerItemProxy;
			containerPortal = 29B97313FDCFA39411CA2CEA /* Project object */;
			proxyType = 1;
			remoteGlobalIDString = 16BDBC3F14D2A10700193F7C;
			remoteInfo = scumm_w;
		};
/* End PBXContainerItemProxy section */

/* Begin PBXCopyFilesBuildPhase section */
		1626D4E414A9EB2C00A07013 /* CopyFiles */ = {
			isa = PBXCopyFilesBuildPhase;
			buildActionMask = 2147483647;
			dstPath = "";
			dstSubfolderSpec = 10;
			files = (
				1626D4E514A9EB4400A07013 /* Sparkle.framework in CopyFiles */,
			);
			runOnlyForDeploymentPostprocessing = 0;
		};
/* End PBXCopyFilesBuildPhase section */

/* Begin PBXFileReference section */
		089C165DFE840E0CC02AAC07 /* English */ = {isa = PBXFileReference; fileEncoding = 4; lastKnownFileType = text.plist.strings; name = English; path = English.lproj/InfoPlist.strings; sourceTree = "<group>"; };
		1058C7A1FEA54F0111CA2CBB /* Cocoa.framework */ = {isa = PBXFileReference; lastKnownFileType = wrapper.framework; name = Cocoa.framework; path = /System/Library/Frameworks/Cocoa.framework; sourceTree = "<absolute>"; };
		13E42FB307B3F0F600E4EEF1 /* CoreData.framework */ = {isa = PBXFileReference; lastKnownFileType = wrapper.framework; name = CoreData.framework; path = /System/Library/Frameworks/CoreData.framework; sourceTree = "<absolute>"; };
		16090FEC1265EDA300487973 /* SVWDropImageView.h */ = {isa = PBXFileReference; fileEncoding = 4; lastKnownFileType = sourcecode.c.h; path = SVWDropImageView.h; sourceTree = "<group>"; };
		16090FED1265EDA300487973 /* SVWDropImageView.m */ = {isa = PBXFileReference; fileEncoding = 4; lastKnownFileType = sourcecode.c.objc; path = SVWDropImageView.m; sourceTree = "<group>"; };
		1611DF4214D2F02E00E4FD00 /* game.icns */ = {isa = PBXFileReference; lastKnownFileType = image.icns; path = game.icns; sourceTree = "<group>"; };
		1626D4E014A9E82100A07013 /* WrapperDesc.plist */ = {isa = PBXFileReference; fileEncoding = 4; lastKnownFileType = text.plist.xml; path = WrapperDesc.plist; sourceTree = "<group>"; };
		1626D4E214A9EB0500A07013 /* Sparkle.framework */ = {isa = PBXFileReference; lastKnownFileType = wrapper.framework; path = Sparkle.framework; sourceTree = "<group>"; };
		1626D4E614A9EC8600A07013 /* SVW_dsa_pub.pem */ = {isa = PBXFileReference; fileEncoding = 4; lastKnownFileType = text; path = SVW_dsa_pub.pem; sourceTree = "<group>"; };
		1626D4E814AA179400A07013 /* SVWWrapperUpdater.h */ = {isa = PBXFileReference; fileEncoding = 4; lastKnownFileType = sourcecode.c.h; path = SVWWrapperUpdater.h; sourceTree = "<group>"; };
		1626D4E914AA179400A07013 /* SVWWrapperUpdater.m */ = {isa = PBXFileReference; fileEncoding = 4; lastKnownFileType = sourcecode.c.objc; path = SVWWrapperUpdater.m; sourceTree = "<group>"; };
		1626D4EF14AA24C200A07013 /* crypt.h */ = {isa = PBXFileReference; fileEncoding = 4; lastKnownFileType = sourcecode.c.h; path = crypt.h; sourceTree = "<group>"; };
		1626D4F014AA24C200A07013 /* ioapi.c */ = {isa = PBXFileReference; fileEncoding = 4; lastKnownFileType = sourcecode.c.c; path = ioapi.c; sourceTree = "<group>"; };
		1626D4F114AA24C200A07013 /* ioapi.h */ = {isa = PBXFileReference; fileEncoding = 4; lastKnownFileType = sourcecode.c.h; path = ioapi.h; sourceTree = "<group>"; };
		1626D4F214AA24C200A07013 /* mztools.c */ = {isa = PBXFileReference; fileEncoding = 4; lastKnownFileType = sourcecode.c.c; path = mztools.c; sourceTree = "<group>"; };
		1626D4F314AA24C200A07013 /* mztools.h */ = {isa = PBXFileReference; fileEncoding = 4; lastKnownFileType = sourcecode.c.h; path = mztools.h; sourceTree = "<group>"; };
		1626D4F414AA24C200A07013 /* unzip.c */ = {isa = PBXFileReference; fileEncoding = 4; lastKnownFileType = sourcecode.c.c; path = unzip.c; sourceTree = "<group>"; };
		1626D4F514AA24C200A07013 /* unzip.h */ = {isa = PBXFileReference; fileEncoding = 4; lastKnownFileType = sourcecode.c.h; path = unzip.h; sourceTree = "<group>"; };
		1626D4F614AA24C200A07013 /* zip.c */ = {isa = PBXFileReference; fileEncoding = 4; lastKnownFileType = sourcecode.c.c; path = zip.c; sourceTree = "<group>"; };
		1626D4F714AA24C200A07013 /* zip.h */ = {isa = PBXFileReference; fileEncoding = 4; lastKnownFileType = sourcecode.c.h; path = zip.h; sourceTree = "<group>"; };
		1626D4FC14AA277D00A07013 /* libz.dylib */ = {isa = PBXFileReference; lastKnownFileType = "compiled.mach-o.dylib"; name = libz.dylib; path = usr/lib/libz.dylib; sourceTree = SDKROOT; };
		1626D4FE14AA285A00A07013 /* ZipFile.h */ = {isa = PBXFileReference; fileEncoding = 4; lastKnownFileType = sourcecode.c.h; path = ZipFile.h; sourceTree = "<group>"; };
		1626D4FF14AA285A00A07013 /* ZipFile.m */ = {isa = PBXFileReference; fileEncoding = 4; lastKnownFileType = sourcecode.c.objc; path = ZipFile.m; sourceTree = "<group>"; };
		1626D50114AA337F00A07013 /* CocoaCryptoHashing.h */ = {isa = PBXFileReference; fileEncoding = 4; lastKnownFileType = sourcecode.c.h; path = CocoaCryptoHashing.h; sourceTree = "<group>"; };
		1626D50214AA337F00A07013 /* CocoaCryptoHashing.m */ = {isa = PBXFileReference; fileEncoding = 4; lastKnownFileType = sourcecode.c.objc; path = CocoaCryptoHashing.m; sourceTree = "<group>"; };
		165548E214D2DB0900BEBFB8 /* makewrapperdata.sh */ = {isa = PBXFileReference; lastKnownFileType = text.script.sh; path = makewrapperdata.sh; sourceTree = "<group>"; };
		16864B4D126531EE00132103 /* scummvm.icns */ = {isa = PBXFileReference; lastKnownFileType = image.icns; path = scummvm.icns; sourceTree = "<group>"; };
		16864B5C1265369500132103 /* AppController.h */ = {isa = PBXFileReference; fileEncoding = 4; lastKnownFileType = sourcecode.c.h; path = AppController.h; sourceTree = "<group>"; };
		16864B5D1265369500132103 /* AppController.m */ = {isa = PBXFileReference; fileEncoding = 4; lastKnownFileType = sourcecode.c.objc; path = AppController.m; sourceTree = "<group>"; };
		168AEEF71266276100BC3F18 /* English */ = {isa = PBXFileReference; lastKnownFileType = text.rtf; name = English; path = English.lproj/Credits.rtf; sourceTree = "<group>"; };
		16914A7514F9D2120039C6B3 /* residual.icns */ = {isa = PBXFileReference; lastKnownFileType = image.icns; path = residual.icns; sourceTree = "<group>"; };
		16ACB65814D0C22A00B2A5DB /* WrapperInfo.plist */ = {isa = PBXFileReference; fileEncoding = 4; lastKnownFileType = text.plist.xml; path = WrapperInfo.plist; sourceTree = "<group>"; };
		16ACB65A14D0CD6A00B2A5DB /* WrapperData.zip */ = {isa = PBXFileReference; lastKnownFileType = archive.zip; path = WrapperData.zip; sourceTree = "<group>"; };
		16BDBC4014D2A10700193F7C /* scumm_w.app */ = {isa = PBXFileReference; explicitFileType = wrapper.application; includeInIndex = 0; path = scumm_w.app; sourceTree = BUILT_PRODUCTS_DIR; };
		16BDBC4214D2A10700193F7C /* Cocoa.framework */ = {isa = PBXFileReference; lastKnownFileType = wrapper.framework; name = Cocoa.framework; path = System/Library/Frameworks/Cocoa.framework; sourceTree = SDKROOT; };
		16BDBC4614D2A10700193F7C /* svwlauncher-Info.plist */ = {isa = PBXFileReference; lastKnownFileType = text.plist.xml; path = "svwlauncher-Info.plist"; sourceTree = "<group>"; };
		16BDBC4814D2A10700193F7C /* en */ = {isa = PBXFileReference; lastKnownFileType = text.plist.strings; name = en; path = en.lproj/InfoPlist.strings; sourceTree = "<group>"; };
		16BDBC4A14D2A10700193F7C /* main.m */ = {isa = PBXFileReference; lastKnownFileType = sourcecode.c.objc; path = main.m; sourceTree = "<group>"; };
		16BDBC4C14D2A10700193F7C /* svwlauncher-Prefix.pch */ = {isa = PBXFileReference; lastKnownFileType = sourcecode.c.h; path = "svwlauncher-Prefix.pch"; sourceTree = "<group>"; };
		16BDBC4E14D2A10700193F7C /* en */ = {isa = PBXFileReference; lastKnownFileType = text.rtf; name = en; path = en.lproj/Credits.rtf; sourceTree = "<group>"; };
		16BDBC5014D2A10700193F7C /* SVWAppDelegate.h */ = {isa = PBXFileReference; lastKnownFileType = sourcecode.c.h; path = SVWAppDelegate.h; sourceTree = "<group>"; };
		16BDBC5114D2A10700193F7C /* SVWAppDelegate.m */ = {isa = PBXFileReference; lastKnownFileType = sourcecode.c.objc; path = SVWAppDelegate.m; sourceTree = "<group>"; };
		16BDBC5414D2A10800193F7C /* en */ = {isa = PBXFileReference; lastKnownFileType = file.xib; name = en; path = en.lproj/MainMenu.xib; sourceTree = "<group>"; };
		16F7D19D12B122B3002AD0C7 /* SVWSettings.h */ = {isa = PBXFileReference; fileEncoding = 4; lastKnownFileType = sourcecode.c.h; path = SVWSettings.h; sourceTree = "<group>"; };
		16F7D19E12B122B3002AD0C7 /* SVWSettings.m */ = {isa = PBXFileReference; fileEncoding = 4; lastKnownFileType = sourcecode.c.objc; path = SVWSettings.m; sourceTree = "<group>"; };
		16FE983E14D155C0001971A2 /* Foundation.framework */ = {isa = PBXFileReference; lastKnownFileType = wrapper.framework; name = Foundation.framework; path = System/Library/Frameworks/Foundation.framework; sourceTree = SDKROOT; };
		1DDD58150DA1D0A300B32029 /* English */ = {isa = PBXFileReference; lastKnownFileType = file.xib; name = English; path = English.lproj/MainMenu.xib; sourceTree = "<group>"; };
		256AC3D80F4B6AC300CF3369 /* ScummVMwrapperConfigAppDelegate.h */ = {isa = PBXFileReference; fileEncoding = 4; lastKnownFileType = sourcecode.c.h; path = ScummVMwrapperConfigAppDelegate.h; sourceTree = "<group>"; };
		256AC3D90F4B6AC300CF3369 /* ScummVMwrapperConfigAppDelegate.m */ = {isa = PBXFileReference; fileEncoding = 4; lastKnownFileType = sourcecode.c.objc; path = ScummVMwrapperConfigAppDelegate.m; sourceTree = "<group>"; };
		256AC3F00F4B6AF500CF3369 /* ScummVMwrapperConfig_Prefix.pch */ = {isa = PBXFileReference; fileEncoding = 4; lastKnownFileType = sourcecode.c.h; path = ScummVMwrapperConfig_Prefix.pch; sourceTree = "<group>"; };
		29B97316FDCFA39411CA2CEA /* main.m */ = {isa = PBXFileReference; fileEncoding = 4; lastKnownFileType = sourcecode.c.objc; path = main.m; sourceTree = "<group>"; };
		29B97324FDCFA39411CA2CEA /* AppKit.framework */ = {isa = PBXFileReference; lastKnownFileType = wrapper.framework; name = AppKit.framework; path = /System/Library/Frameworks/AppKit.framework; sourceTree = "<absolute>"; };
		29B97325FDCFA39411CA2CEA /* Foundation.framework */ = {isa = PBXFileReference; lastKnownFileType = wrapper.framework; name = Foundation.framework; path = /System/Library/Frameworks/Foundation.framework; sourceTree = "<absolute>"; };
		8D1107310486CEB800E47090 /* ScummVMwrapperConfig-Info.plist */ = {isa = PBXFileReference; fileEncoding = 4; lastKnownFileType = text.plist.xml; path = "ScummVMwrapperConfig-Info.plist"; sourceTree = "<group>"; };
		8D1107320486CEB800E47090 /* ScummVMwrapperConfig.app */ = {isa = PBXFileReference; explicitFileType = wrapper.application; includeInIndex = 0; path = ScummVMwrapperConfig.app; sourceTree = BUILT_PRODUCTS_DIR; };
/* End PBXFileReference section */

/* Begin PBXFrameworksBuildPhase section */
		16BDBC3D14D2A10700193F7C /* Frameworks */ = {
			isa = PBXFrameworksBuildPhase;
			buildActionMask = 2147483647;
			files = (
				16BDBC4314D2A10700193F7C /* Cocoa.framework in Frameworks */,
			);
			runOnlyForDeploymentPostprocessing = 0;
		};
		8D11072E0486CEB800E47090 /* Frameworks */ = {
			isa = PBXFrameworksBuildPhase;
			buildActionMask = 2147483647;
			files = (
				1626D4FD14AA277D00A07013 /* libz.dylib in Frameworks */,
				8D11072F0486CEB800E47090 /* Cocoa.framework in Frameworks */,
				1626D4E314A9EB0500A07013 /* Sparkle.framework in Frameworks */,
			);
			runOnlyForDeploymentPostprocessing = 0;
		};
/* End PBXFrameworksBuildPhase section */

/* Begin PBXGroup section */
		080E96DDFE201D6D7F000001 /* Classes */ = {
			isa = PBXGroup;
			children = (
				16864B5C1265369500132103 /* AppController.h */,
				16864B5D1265369500132103 /* AppController.m */,
				16090FEC1265EDA300487973 /* SVWDropImageView.h */,
				16090FED1265EDA300487973 /* SVWDropImageView.m */,
				256AC3D80F4B6AC300CF3369 /* ScummVMwrapperConfigAppDelegate.h */,
				256AC3D90F4B6AC300CF3369 /* ScummVMwrapperConfigAppDelegate.m */,
				16F7D19D12B122B3002AD0C7 /* SVWSettings.h */,
				16F7D19E12B122B3002AD0C7 /* SVWSettings.m */,
				1626D4E814AA179400A07013 /* SVWWrapperUpdater.h */,
				1626D4E914AA179400A07013 /* SVWWrapperUpdater.m */,
			);
			path = Classes;
			sourceTree = "<group>";
		};
		1058C7A0FEA54F0111CA2CBB /* Linked Frameworks */ = {
			isa = PBXGroup;
			children = (
				1058C7A1FEA54F0111CA2CBB /* Cocoa.framework */,
			);
			name = "Linked Frameworks";
			sourceTree = "<group>";
		};
		1058C7A2FEA54F0111CA2CBB /* Other Frameworks */ = {
			isa = PBXGroup;
			children = (
				29B97324FDCFA39411CA2CEA /* AppKit.framework */,
				13E42FB307B3F0F600E4EEF1 /* CoreData.framework */,
				29B97325FDCFA39411CA2CEA /* Foundation.framework */,
			);
			name = "Other Frameworks";
			sourceTree = "<group>";
		};
		1626D4EE14AA24C200A07013 /* minizip */ = {
			isa = PBXGroup;
			children = (
				1626D4EF14AA24C200A07013 /* crypt.h */,
				1626D4F014AA24C200A07013 /* ioapi.c */,
				1626D4F114AA24C200A07013 /* ioapi.h */,
				1626D4F214AA24C200A07013 /* mztools.c */,
				1626D4F314AA24C200A07013 /* mztools.h */,
				1626D4F414AA24C200A07013 /* unzip.c */,
				1626D4F514AA24C200A07013 /* unzip.h */,
				1626D4F614AA24C200A07013 /* zip.c */,
				1626D4F714AA24C200A07013 /* zip.h */,
			);
			path = minizip;
			sourceTree = "<group>";
		};
		165548E014D2DB0900BEBFB8 /* scripts */ = {
			isa = PBXGroup;
			children = (
				165548E214D2DB0900BEBFB8 /* makewrapperdata.sh */,
			);
			path = scripts;
			sourceTree = "<group>";
		};
		16B7705714D2C9BC00598DF3 /* ScummVMWrapperConfig */ = {
			isa = PBXGroup;
			children = (
				29B97317FDCFA39411CA2CEA /* Resources */,
				29B97315FDCFA39411CA2CEA /* Other Sources */,
				080E96DDFE201D6D7F000001 /* Classes */,
			);
			path = ScummVMWrapperConfig;
			sourceTree = "<group>";
		};
		16BDBC4414D2A10700193F7C /* svwlauncher */ = {
			isa = PBXGroup;
			children = (
				16BDBC5014D2A10700193F7C /* SVWAppDelegate.h */,
				16BDBC5114D2A10700193F7C /* SVWAppDelegate.m */,
				16BDBC5314D2A10800193F7C /* MainMenu.xib */,
				16BDBC4514D2A10700193F7C /* Supporting Files */,
			);
			path = svwlauncher;
			sourceTree = "<group>";
		};
		16BDBC4514D2A10700193F7C /* Supporting Files */ = {
			isa = PBXGroup;
			children = (
				16BDBC4614D2A10700193F7C /* svwlauncher-Info.plist */,
				16BDBC4714D2A10700193F7C /* InfoPlist.strings */,
				16BDBC4A14D2A10700193F7C /* main.m */,
				16BDBC4C14D2A10700193F7C /* svwlauncher-Prefix.pch */,
				16BDBC4D14D2A10700193F7C /* Credits.rtf */,
			);
			name = "Supporting Files";
			sourceTree = "<group>";
		};
		19C28FACFE9D520D11CA2CBB /* Products */ = {
			isa = PBXGroup;
			children = (
				8D1107320486CEB800E47090 /* ScummVMwrapperConfig.app */,
				16BDBC4014D2A10700193F7C /* scumm_w.app */,
			);
			name = Products;
			sourceTree = "<group>";
		};
		29B97314FDCFA39411CA2CEA /* ScummVMwrapperConfig */ = {
			isa = PBXGroup;
			children = (
				165548E014D2DB0900BEBFB8 /* scripts */,
				16B7705714D2C9BC00598DF3 /* ScummVMWrapperConfig */,
				16BDBC4414D2A10700193F7C /* svwlauncher */,
				29B97323FDCFA39411CA2CEA /* Frameworks */,
				19C28FACFE9D520D11CA2CBB /* Products */,
			);
			name = ScummVMwrapperConfig;
			sourceTree = "<group>";
		};
		29B97315FDCFA39411CA2CEA /* Other Sources */ = {
			isa = PBXGroup;
			children = (
				1626D50114AA337F00A07013 /* CocoaCryptoHashing.h */,
				1626D50214AA337F00A07013 /* CocoaCryptoHashing.m */,
				1626D4FE14AA285A00A07013 /* ZipFile.h */,
				1626D4FF14AA285A00A07013 /* ZipFile.m */,
				1626D4EE14AA24C200A07013 /* minizip */,
				256AC3F00F4B6AF500CF3369 /* ScummVMwrapperConfig_Prefix.pch */,
				29B97316FDCFA39411CA2CEA /* main.m */,
			);
			path = "Other Sources";
			sourceTree = "<group>";
		};
		29B97317FDCFA39411CA2CEA /* Resources */ = {
			isa = PBXGroup;
			children = (
				1626D4E614A9EC8600A07013 /* SVW_dsa_pub.pem */,
				168AEEF61266276100BC3F18 /* Credits.rtf */,
				8D1107310486CEB800E47090 /* ScummVMwrapperConfig-Info.plist */,
				16914A7514F9D2120039C6B3 /* residual.icns */,
				1611DF4214D2F02E00E4FD00 /* game.icns */,
				16864B4D126531EE00132103 /* scummvm.icns */,
				089C165CFE840E0CC02AAC07 /* InfoPlist.strings */,
				1DDD58140DA1D0A300B32029 /* MainMenu.xib */,
				1626D4E014A9E82100A07013 /* WrapperDesc.plist */,
				16ACB65814D0C22A00B2A5DB /* WrapperInfo.plist */,
				16ACB65A14D0CD6A00B2A5DB /* WrapperData.zip */,
			);
			path = Resources;
			sourceTree = "<group>";
		};
		29B97323FDCFA39411CA2CEA /* Frameworks */ = {
			isa = PBXGroup;
			children = (
				1626D4FC14AA277D00A07013 /* libz.dylib */,
				1626D4E214A9EB0500A07013 /* Sparkle.framework */,
				1058C7A0FEA54F0111CA2CBB /* Linked Frameworks */,
				16FE983E14D155C0001971A2 /* Foundation.framework */,
				16BDBC4214D2A10700193F7C /* Cocoa.framework */,
				1058C7A2FEA54F0111CA2CBB /* Other Frameworks */,
			);
			name = Frameworks;
			sourceTree = "<group>";
		};
/* End PBXGroup section */

/* Begin PBXNativeTarget section */
		16BDBC3F14D2A10700193F7C /* scumm_w */ = {
			isa = PBXNativeTarget;
			buildConfigurationList = 16BDBC5614D2A10800193F7C /* Build configuration list for PBXNativeTarget "scumm_w" */;
			buildPhases = (
				16BDBC3C14D2A10700193F7C /* Sources */,
				16BDBC3D14D2A10700193F7C /* Frameworks */,
				16BDBC3E14D2A10700193F7C /* Resources */,
			);
			buildRules = (
			);
			dependencies = (
			);
			name = scumm_w;
			productName = svwlauncher;
			productReference = 16BDBC4014D2A10700193F7C /* scumm_w.app */;
			productType = "com.apple.product-type.application";
		};
		8D1107260486CEB800E47090 /* ScummVMwrapperConfig */ = {
			isa = PBXNativeTarget;
			buildConfigurationList = C01FCF4A08A954540054247B /* Build configuration list for PBXNativeTarget "ScummVMwrapperConfig" */;
			buildPhases = (
				165548E414D2DB4800BEBFB8 /* ShellScript */,
				8D1107290486CEB800E47090 /* Resources */,
				8D11072C0486CEB800E47090 /* Sources */,
				8D11072E0486CEB800E47090 /* Frameworks */,
				1626D4E414A9EB2C00A07013 /* CopyFiles */,
			);
			buildRules = (
			);
			dependencies = (
				16B7705414D2C8AA00598DF3 /* PBXTargetDependency */,
			);
			name = ScummVMwrapperConfig;
			productInstallPath = "$(HOME)/Applications";
			productName = ScummVMwrapperConfig;
			productReference = 8D1107320486CEB800E47090 /* ScummVMwrapperConfig.app */;
			productType = "com.apple.product-type.application";
		};
/* End PBXNativeTarget section */

/* Begin PBXProject section */
		29B97313FDCFA39411CA2CEA /* Project object */ = {
			isa = PBXProject;
			buildConfigurationList = C01FCF4E08A954540054247B /* Build configuration list for PBXProject "ScummVMwrapperConfig" */;
			compatibilityVersion = "Xcode 3.1";
			developmentRegion = English;
			hasScannedForEncodings = 1;
			knownRegions = (
				English,
				Japanese,
				French,
				German,
				en,
			);
			mainGroup = 29B97314FDCFA39411CA2CEA /* ScummVMwrapperConfig */;
			projectDirPath = "";
			projectRoot = "";
			targets = (
				8D1107260486CEB800E47090 /* ScummVMwrapperConfig */,
				16BDBC3F14D2A10700193F7C /* scumm_w */,
			);
		};
/* End PBXProject section */

/* Begin PBXResourcesBuildPhase section */
		16BDBC3E14D2A10700193F7C /* Resources */ = {
			isa = PBXResourcesBuildPhase;
			buildActionMask = 2147483647;
			files = (
				16BDBC4914D2A10700193F7C /* InfoPlist.strings in Resources */,
				16BDBC4F14D2A10700193F7C /* Credits.rtf in Resources */,
				16BDBC5514D2A10800193F7C /* MainMenu.xib in Resources */,
			);
			runOnlyForDeploymentPostprocessing = 0;
		};
		8D1107290486CEB800E47090 /* Resources */ = {
			isa = PBXResourcesBuildPhase;
			buildActionMask = 2147483647;
			files = (
				8D11072B0486CEB800E47090 /* InfoPlist.strings in Resources */,
				1DDD58160DA1D0A300B32029 /* MainMenu.xib in Resources */,
				16864B4E126531EE00132103 /* scummvm.icns in Resources */,
				168AEEF81266276100BC3F18 /* Credits.rtf in Resources */,
				1626D4E114A9E82100A07013 /* WrapperDesc.plist in Resources */,
				1626D4E714A9EC8600A07013 /* SVW_dsa_pub.pem in Resources */,
				16ACB65914D0C22A00B2A5DB /* WrapperInfo.plist in Resources */,
				16ACB65B14D0CD6A00B2A5DB /* WrapperData.zip in Resources */,
				1611DF4314D2F02E00E4FD00 /* game.icns in Resources */,
				16914A7614F9D2120039C6B3 /* residual.icns in Resources */,
			);
			runOnlyForDeploymentPostprocessing = 0;
		};
/* End PBXResourcesBuildPhase section */

/* Begin PBXShellScriptBuildPhase section */
		165548E414D2DB4800BEBFB8 /* ShellScript */ = {
			isa = PBXShellScriptBuildPhase;
			buildActionMask = 2147483647;
			files = (
			);
			inputPaths = (
			);
			outputPaths = (
			);
			runOnlyForDeploymentPostprocessing = 0;
			shellPath = /bin/bash;
			shellScript = ./scripts/makewrapperdata.sh;
		};
/* End PBXShellScriptBuildPhase section */

/* Begin PBXSourcesBuildPhase section */
		16BDBC3C14D2A10700193F7C /* Sources */ = {
			isa = PBXSourcesBuildPhase;
			buildActionMask = 2147483647;
			files = (
				16BDBC4B14D2A10700193F7C /* main.m in Sources */,
				16BDBC5214D2A10700193F7C /* SVWAppDelegate.m in Sources */,
			);
			runOnlyForDeploymentPostprocessing = 0;
		};
		8D11072C0486CEB800E47090 /* Sources */ = {
			isa = PBXSourcesBuildPhase;
			buildActionMask = 2147483647;
			files = (
				8D11072D0486CEB800E47090 /* main.m in Sources */,
				256AC3DA0F4B6AC300CF3369 /* ScummVMwrapperConfigAppDelegate.m in Sources */,
				16864B5E1265369500132103 /* AppController.m in Sources */,
				16090FEE1265EDA300487973 /* SVWDropImageView.m in Sources */,
				16F7D19F12B122B3002AD0C7 /* SVWSettings.m in Sources */,
				1626D4EA14AA179400A07013 /* SVWWrapperUpdater.m in Sources */,
				1626D4F814AA24C200A07013 /* ioapi.c in Sources */,
				1626D4F914AA24C200A07013 /* mztools.c in Sources */,
				1626D4FA14AA24C200A07013 /* unzip.c in Sources */,
				1626D4FB14AA24C200A07013 /* zip.c in Sources */,
				1626D50014AA285A00A07013 /* ZipFile.m in Sources */,
				1626D50314AA337F00A07013 /* CocoaCryptoHashing.m in Sources */,
			);
			runOnlyForDeploymentPostprocessing = 0;
		};
/* End PBXSourcesBuildPhase section */

/* Begin PBXTargetDependency section */
		16B7705414D2C8AA00598DF3 /* PBXTargetDependency */ = {
			isa = PBXTargetDependency;
			target = 16BDBC3F14D2A10700193F7C /* scumm_w */;
			targetProxy = 16B7705314D2C8AA00598DF3 /* PBXContainerItemProxy */;
		};
/* End PBXTargetDependency section */

/* Begin PBXVariantGroup section */
		089C165CFE840E0CC02AAC07 /* InfoPlist.strings */ = {
			isa = PBXVariantGroup;
			children = (
				089C165DFE840E0CC02AAC07 /* English */,
			);
			name = InfoPlist.strings;
			sourceTree = "<group>";
		};
		168AEEF61266276100BC3F18 /* Credits.rtf */ = {
			isa = PBXVariantGroup;
			children = (
				168AEEF71266276100BC3F18 /* English */,
			);
			name = Credits.rtf;
			sourceTree = "<group>";
		};
		16BDBC4714D2A10700193F7C /* InfoPlist.strings */ = {
			isa = PBXVariantGroup;
			children = (
				16BDBC4814D2A10700193F7C /* en */,
			);
			name = InfoPlist.strings;
			sourceTree = "<group>";
		};
		16BDBC4D14D2A10700193F7C /* Credits.rtf */ = {
			isa = PBXVariantGroup;
			children = (
				16BDBC4E14D2A10700193F7C /* en */,
			);
			name = Credits.rtf;
			sourceTree = "<group>";
		};
		16BDBC5314D2A10800193F7C /* MainMenu.xib */ = {
			isa = PBXVariantGroup;
			children = (
				16BDBC5414D2A10800193F7C /* en */,
			);
			name = MainMenu.xib;
			sourceTree = "<group>";
		};
		1DDD58140DA1D0A300B32029 /* MainMenu.xib */ = {
			isa = PBXVariantGroup;
			children = (
				1DDD58150DA1D0A300B32029 /* English */,
			);
			name = MainMenu.xib;
			sourceTree = "<group>";
		};
/* End PBXVariantGroup section */

/* Begin XCBuildConfiguration section */
		16BDBC5714D2A10800193F7C /* Debug */ = {
			isa = XCBuildConfiguration;
			buildSettings = {
				ALWAYS_SEARCH_USER_PATHS = NO;
				COPY_PHASE_STRIP = NO;
				GCC_DYNAMIC_NO_PIC = NO;
				GCC_ENABLE_OBJC_EXCEPTIONS = YES;
				GCC_PRECOMPILE_PREFIX_HEADER = YES;
				GCC_PREFIX_HEADER = "svwlauncher/svwlauncher-Prefix.pch";
				GCC_PREPROCESSOR_DEFINITIONS = (
					"DEBUG=1",
					"$(inherited)",
				);
				GCC_SYMBOLS_PRIVATE_EXTERN = NO;
				GCC_VERSION = com.apple.compilers.llvm.clang.1_0;
				GCC_WARN_ABOUT_MISSING_PROTOTYPES = YES;
				INFOPLIST_FILE = "svwlauncher/svwlauncher-Info.plist";
				PRODUCT_NAME = "$(TARGET_NAME)";
				WRAPPER_EXTENSION = app;
			};
			name = Debug;
		};
		16BDBC5814D2A10800193F7C /* Release */ = {
			isa = XCBuildConfiguration;
			buildSettings = {
				ALWAYS_SEARCH_USER_PATHS = NO;
				COPY_PHASE_STRIP = YES;
				DEBUG_INFORMATION_FORMAT = "dwarf-with-dsym";
				GCC_ENABLE_OBJC_EXCEPTIONS = YES;
				GCC_PRECOMPILE_PREFIX_HEADER = YES;
				GCC_PREFIX_HEADER = "svwlauncher/svwlauncher-Prefix.pch";
				GCC_VERSION = com.apple.compilers.llvm.clang.1_0;
				GCC_WARN_ABOUT_MISSING_PROTOTYPES = YES;
				INFOPLIST_FILE = "svwlauncher/svwlauncher-Info.plist";
				PRODUCT_NAME = "$(TARGET_NAME)";
				WRAPPER_EXTENSION = app;
			};
			name = Release;
		};
		C01FCF4B08A954540054247B /* Debug */ = {
			isa = XCBuildConfiguration;
			buildSettings = {
				ALWAYS_SEARCH_USER_PATHS = NO;
				COPY_PHASE_STRIP = NO;
				FRAMEWORK_SEARCH_PATHS = (
					"$(inherited)",
					"\"$(SRCROOT)\"",
				);
				GCC_DYNAMIC_NO_PIC = NO;
				GCC_ENABLE_FIX_AND_CONTINUE = YES;
				GCC_OPTIMIZATION_LEVEL = 0;
				GCC_PRECOMPILE_PREFIX_HEADER = YES;
				GCC_PREFIX_HEADER = "ScummVMwrapperConfig/Other Sources/ScummVMwrapperConfig_Prefix.pch";
				GCC_PREPROCESSOR_DEFINITIONS = USE_FILE32API;
				INFOPLIST_FILE = "ScummVMWrapperConfig/Resources/ScummVMwrapperConfig-Info.plist";
				INSTALL_PATH = "$(HOME)/Applications";
				MACOSX_DEPLOYMENT_TARGET = 10.5;
				OTHER_LDFLAGS = "-lcrypto";
				PRODUCT_NAME = ScummVMwrapperConfig;
			};
			name = Debug;
		};
		C01FCF4C08A954540054247B /* Release */ = {
			isa = XCBuildConfiguration;
			buildSettings = {
				ALWAYS_SEARCH_USER_PATHS = NO;
				DEBUG_INFORMATION_FORMAT = "dwarf-with-dsym";
				FRAMEWORK_SEARCH_PATHS = (
					"$(inherited)",
					"\"$(SRCROOT)\"",
				);
				GCC_PRECOMPILE_PREFIX_HEADER = YES;
				GCC_PREFIX_HEADER = "ScummVMwrapperConfig/Other Sources/ScummVMwrapperConfig_Prefix.pch";
				GCC_PREPROCESSOR_DEFINITIONS = USE_FILE32API;
				INFOPLIST_FILE = "ScummVMWrapperConfig/Resources/ScummVMwrapperConfig-Info.plist";
				INSTALL_PATH = "$(HOME)/Applications";
				MACOSX_DEPLOYMENT_TARGET = 10.5;
				OTHER_LDFLAGS = "-lcrypto";
				PRODUCT_NAME = ScummVMwrapperConfig;
			};
			name = Release;
		};
		C01FCF4F08A954540054247B /* Debug */ = {
			isa = XCBuildConfiguration;
			buildSettings = {
				ARCHS = "$(ARCHS_STANDARD_32_64_BIT)";
				GCC_C_LANGUAGE_STANDARD = gnu99;
				GCC_OPTIMIZATION_LEVEL = 0;
				GCC_WARN_64_TO_32_BIT_CONVERSION = YES;
				GCC_WARN_ABOUT_MISSING_FIELD_INITIALIZERS = YES;
				GCC_WARN_ABOUT_MISSING_NEWLINE = YES;
				GCC_WARN_ABOUT_RETURN_TYPE = YES;
				GCC_WARN_CHECK_SWITCH_STATEMENTS = YES;
				GCC_WARN_INITIALIZER_NOT_FULLY_BRACKETED = YES;
				GCC_WARN_MISSING_PARENTHESES = YES;
				GCC_WARN_SHADOW = YES;
				GCC_WARN_SIGN_COMPARE = YES;
				GCC_WARN_UNDECLARED_SELECTOR = YES;
				GCC_WARN_UNUSED_FUNCTION = YES;
				GCC_WARN_UNUSED_LABEL = YES;
				GCC_WARN_UNUSED_PARAMETER = YES;
				GCC_WARN_UNUSED_VALUE = YES;
				GCC_WARN_UNUSED_VARIABLE = YES;
				MACOSX_DEPLOYMENT_TARGET = 10.5;
				ONLY_ACTIVE_ARCH = YES;
				PREBINDING = NO;
				SDKROOT = macosx10.6;
			};
			name = Debug;
		};
		C01FCF5008A954540054247B /* Release */ = {
			isa = XCBuildConfiguration;
			buildSettings = {
				ARCHS = "$(ARCHS_STANDARD_32_64_BIT)";
				GCC_C_LANGUAGE_STANDARD = gnu99;
				GCC_OPTIMIZATION_LEVEL = 0;
				GCC_TREAT_WARNINGS_AS_ERRORS = YES;
				GCC_WARN_64_TO_32_BIT_CONVERSION = YES;
				GCC_WARN_ABOUT_MISSING_FIELD_INITIALIZERS = YES;
				GCC_WARN_ABOUT_MISSING_NEWLINE = YES;
				GCC_WARN_ABOUT_RETURN_TYPE = YES;
				GCC_WARN_CHECK_SWITCH_STATEMENTS = YES;
				GCC_WARN_INITIALIZER_NOT_FULLY_BRACKETED = YES;
				GCC_WARN_MISSING_PARENTHESES = YES;
				GCC_WARN_SHADOW = YES;
				GCC_WARN_SIGN_COMPARE = YES;
				GCC_WARN_UNDECLARED_SELECTOR = YES;
				GCC_WARN_UNUSED_FUNCTION = YES;
				GCC_WARN_UNUSED_LABEL = YES;
				GCC_WARN_UNUSED_PARAMETER = YES;
				GCC_WARN_UNUSED_VALUE = YES;
				GCC_WARN_UNUSED_VARIABLE = YES;
				MACOSX_DEPLOYMENT_TARGET = 10.5;
				PREBINDING = NO;
				SDKROOT = macosx10.6;
			};
			name = Release;
		};
/* End XCBuildConfiguration section */

/* Begin XCConfigurationList section */
		16BDBC5614D2A10800193F7C /* Build configuration list for PBXNativeTarget "scumm_w" */ = {
			isa = XCConfigurationList;
			buildConfigurations = (
				16BDBC5714D2A10800193F7C /* Debug */,
				16BDBC5814D2A10800193F7C /* Release */,
			);
			defaultConfigurationIsVisible = 0;
			defaultConfigurationName = Release;
		};
		C01FCF4A08A954540054247B /* Build configuration list for PBXNativeTarget "ScummVMwrapperConfig" */ = {
			isa = XCConfigurationList;
			buildConfigurations = (
				C01FCF4B08A954540054247B /* Debug */,
				C01FCF4C08A954540054247B /* Release */,
			);
			defaultConfigurationIsVisible = 0;
			defaultConfigurationName = Release;
		};
		C01FCF4E08A954540054247B /* Build configuration list for PBXProject "ScummVMwrapperConfig" */ = {
			isa = XCConfigurationList;
			buildConfigurations = (
				C01FCF4F08A954540054247B /* Debug */,
				C01FCF5008A954540054247B /* Release */,
			);
			defaultConfigurationIsVisible = 0;
			defaultConfigurationName = Release;
		};
/* End XCConfigurationList section */
	};
	rootObject = 29B97313FDCFA39411CA2CEA /* Project object */;
}
